
Microsoft Visual Studio Solution File, Format Version 12.00
# Visual Studio Version 16
VisualStudioVersion = 16.0.30717.126
MinimumVisualStudioVersion = 10.0.40219.1
Project("{FAE04EC0-301F-11D3-BF4B-00C04F79EFBC}") = "MVD", "MVD\MVD.csproj", "{F3E30977-957C-429B-8C82-98020DA7D144}"
EndProject
Project("{FAE04EC0-301F-11D3-BF4B-00C04F79EFBC}") = "MVDWeb", "MVDWeb\MVDWeb.csproj", "{5443E90C-7937-40F1-83E0-893A7507AA6B}"
EndProject
Global
	GlobalSection(SolutionConfigurationPlatforms) = preSolution
		Debug|Any CPU = Debug|Any CPU
		Release|Any CPU = Release|Any CPU
	EndGlobalSection
	GlobalSection(ProjectConfigurationPlatforms) = postSolution
		{F3E30977-957C-429B-8C82-98020DA7D144}.Debug|Any CPU.ActiveCfg = Debug|Any CPU
		{F3E30977-957C-429B-8C82-98020DA7D144}.Debug|Any CPU.Build.0 = Debug|Any CPU
		{F3E30977-957C-429B-8C82-98020DA7D144}.Debug|Any CPU.Deploy.0 = Debug|Any CPU
		{F3E30977-957C-429B-8C82-98020DA7D144}.Release|Any CPU.ActiveCfg = Release|Any CPU
		{F3E30977-957C-429B-8C82-98020DA7D144}.Release|Any CPU.Build.0 = Release|Any CPU
		{F3E30977-957C-429B-8C82-98020DA7D144}.Release|Any CPU.Deploy.0 = Release|Any CPU
		{5443E90C-7937-40F1-83E0-893A7507AA6B}.Debug|Any CPU.ActiveCfg = Debug|Any CPU
		{5443E90C-7937-40F1-83E0-893A7507AA6B}.Debug|Any CPU.Build.0 = Debug|Any CPU
		{5443E90C-7937-40F1-83E0-893A7507AA6B}.Release|Any CPU.ActiveCfg = Release|Any CPU
		{5443E90C-7937-40F1-83E0-893A7507AA6B}.Release|Any CPU.Build.0 = Release|Any CPU
	EndGlobalSection
	GlobalSection(SolutionProperties) = preSolution
		HideSolutionNode = FALSE
	EndGlobalSection
	GlobalSection(ExtensibilityGlobals) = postSolution
		SolutionGuid = {5A600145-2DC9-4C8A-8D7C-D525AB19E985}
	EndGlobalSection
EndGlobal
